
Microsoft Visual Studio Solution File, Format Version 12.00
Project("{FAE04EC0-301F-11D3-BF4B-00C04F79EFBC}") = "Starter.API", "Starter.API\Starter.API.csproj", "{C1027DD5-602B-4CC7-A2FC-AB2DB126892B}"
EndProject
Project("{FAE04EC0-301F-11D3-BF4B-00C04F79EFBC}") = "Starter.API.Tests", "Starter.API.Tests\Starter.API.Tests.csproj", "{67488BB5-401C-4B9E-A2D5-3759E6284DB6}"
EndProject
Global
	GlobalSection(SolutionConfigurationPlatforms) = preSolution
		Debug|Any CPU = Debug|Any CPU
		Release|Any CPU = Release|Any CPU
	EndGlobalSection
	GlobalSection(ProjectConfigurationPlatforms) = postSolution
		{C1027DD5-602B-4CC7-A2FC-AB2DB126892B}.Debug|Any CPU.ActiveCfg = Debug|Any CPU
		{C1027DD5-602B-4CC7-A2FC-AB2DB126892B}.Debug|Any CPU.Build.0 = Debug|Any CPU
		{C1027DD5-602B-4CC7-A2FC-AB2DB126892B}.Release|Any CPU.ActiveCfg = Release|Any CPU
		{C1027DD5-602B-4CC7-A2FC-AB2DB126892B}.Release|Any CPU.Build.0 = Release|Any CPU
		{67488BB5-401C-4B9E-A2D5-3759E6284DB6}.Debug|Any CPU.ActiveCfg = Debug|Any CPU
		{67488BB5-401C-4B9E-A2D5-3759E6284DB6}.Debug|Any CPU.Build.0 = Debug|Any CPU
		{67488BB5-401C-4B9E-A2D5-3759E6284DB6}.Release|Any CPU.ActiveCfg = Release|Any CPU
		{67488BB5-401C-4B9E-A2D5-3759E6284DB6}.Release|Any CPU.Build.0 = Release|Any CPU
	EndGlobalSection
EndGlobal
